
Microsoft Visual Studio Solution File, Format Version 12.00
# Visual Studio Version 17
VisualStudioVersion = 17.6.33717.318
MinimumVisualStudioVersion = 10.0.40219.1
Project("{2150E333-8FDC-42A3-9474-1A3956D46DE8}") = "src", "src", "{2E3B74BF-5189-4558-9FFD-42F36D224D64}"
EndProject
Project("{2150E333-8FDC-42A3-9474-1A3956D46DE8}") = "test", "test", "{F676AFB2-E726-4A76-B8AF-73BF5C441C3F}"
EndProject
Project("{9A19103F-16F7-4668-BE54-9A1E7A4F7556}") = "Application", "Application\Application.csproj", "{29ED47EE-A6BE-4F7F-B794-5C5F487A0578}"
EndProject
Project("{9A19103F-16F7-4668-BE54-9A1E7A4F7556}") = "Domain", "Domain\Domain.csproj", "{D7A690B5-10B1-456D-9D81-746CB9C00A0D}"
EndProject
Project("{9A19103F-16F7-4668-BE54-9A1E7A4F7556}") = "Infrastructure", "Infrastructure\Infrastructure.csproj", "{6FA5A5FD-A5CF-4FE2-95BB-DA3C90BD7DB4}"
EndProject
Project("{9A19103F-16F7-4668-BE54-9A1E7A4F7556}") = "WebApi", "WebApi\WebApi.csproj", "{645155C3-67C3-4F4D-A0A0-8FEEF2D7BB15}"
EndProject
Project("{9A19103F-16F7-4668-BE54-9A1E7A4F7556}") = "Crawler", "Crawler\Crawler.csproj", "{772CB0AA-4329-4999-8C16-7EE745E09C6C}"
EndProject
Project("{9A19103F-16F7-4668-BE54-9A1E7A4F7556}") = "Wasm", "Wasm\Wasm.csproj", "{525E499F-9187-4EA7-B96B-BC243A7AB7D5}"
EndProject
Project("{FAE04EC0-301F-11D3-BF4B-00C04F79EFBC}") = "Application.IntegrationTests", "tests\Application.IntegrationTests\Application.IntegrationTests.csproj", "{296D83E7-AC0C-4ABE-B4B3-7EF41F2F5B8A}"
EndProject
Project("{FAE04EC0-301F-11D3-BF4B-00C04F79EFBC}") = "Application.UnitTests", "Application.UnitTests\Application.UnitTests\Application.UnitTests.csproj", "{3E06AC0A-3DDC-4279-9113-09EA0671DADA}"
EndProject
Global
	GlobalSection(SolutionConfigurationPlatforms) = preSolution
		Debug|Any CPU = Debug|Any CPU
		Release|Any CPU = Release|Any CPU
	EndGlobalSection
	GlobalSection(ProjectConfigurationPlatforms) = postSolution
		{29ED47EE-A6BE-4F7F-B794-5C5F487A0578}.Debug|Any CPU.ActiveCfg = Debug|Any CPU
		{29ED47EE-A6BE-4F7F-B794-5C5F487A0578}.Debug|Any CPU.Build.0 = Debug|Any CPU
		{29ED47EE-A6BE-4F7F-B794-5C5F487A0578}.Release|Any CPU.ActiveCfg = Release|Any CPU
		{29ED47EE-A6BE-4F7F-B794-5C5F487A0578}.Release|Any CPU.Build.0 = Release|Any CPU
		{D7A690B5-10B1-456D-9D81-746CB9C00A0D}.Debug|Any CPU.ActiveCfg = Debug|Any CPU
		{D7A690B5-10B1-456D-9D81-746CB9C00A0D}.Debug|Any CPU.Build.0 = Debug|Any CPU
		{D7A690B5-10B1-456D-9D81-746CB9C00A0D}.Release|Any CPU.ActiveCfg = Release|Any CPU
		{D7A690B5-10B1-456D-9D81-746CB9C00A0D}.Release|Any CPU.Build.0 = Release|Any CPU
		{6FA5A5FD-A5CF-4FE2-95BB-DA3C90BD7DB4}.Debug|Any CPU.ActiveCfg = Debug|Any CPU
		{6FA5A5FD-A5CF-4FE2-95BB-DA3C90BD7DB4}.Debug|Any CPU.Build.0 = Debug|Any CPU
		{6FA5A5FD-A5CF-4FE2-95BB-DA3C90BD7DB4}.Release|Any CPU.ActiveCfg = Release|Any CPU
		{6FA5A5FD-A5CF-4FE2-95BB-DA3C90BD7DB4}.Release|Any CPU.Build.0 = Release|Any CPU
		{645155C3-67C3-4F4D-A0A0-8FEEF2D7BB15}.Debug|Any CPU.ActiveCfg = Debug|Any CPU
		{645155C3-67C3-4F4D-A0A0-8FEEF2D7BB15}.Debug|Any CPU.Build.0 = Debug|Any CPU
		{645155C3-67C3-4F4D-A0A0-8FEEF2D7BB15}.Release|Any CPU.ActiveCfg = Release|Any CPU
		{645155C3-67C3-4F4D-A0A0-8FEEF2D7BB15}.Release|Any CPU.Build.0 = Release|Any CPU
		{772CB0AA-4329-4999-8C16-7EE745E09C6C}.Debug|Any CPU.ActiveCfg = Debug|Any CPU
		{772CB0AA-4329-4999-8C16-7EE745E09C6C}.Debug|Any CPU.Build.0 = Debug|Any CPU
		{772CB0AA-4329-4999-8C16-7EE745E09C6C}.Release|Any CPU.ActiveCfg = Release|Any CPU
		{772CB0AA-4329-4999-8C16-7EE745E09C6C}.Release|Any CPU.Build.0 = Release|Any CPU
		{525E499F-9187-4EA7-B96B-BC243A7AB7D5}.Debug|Any CPU.ActiveCfg = Debug|Any CPU
		{525E499F-9187-4EA7-B96B-BC243A7AB7D5}.Debug|Any CPU.Build.0 = Debug|Any CPU
		{525E499F-9187-4EA7-B96B-BC243A7AB7D5}.Release|Any CPU.ActiveCfg = Release|Any CPU
		{525E499F-9187-4EA7-B96B-BC243A7AB7D5}.Release|Any CPU.Build.0 = Release|Any CPU
		{296D83E7-AC0C-4ABE-B4B3-7EF41F2F5B8A}.Debug|Any CPU.ActiveCfg = Debug|Any CPU
		{296D83E7-AC0C-4ABE-B4B3-7EF41F2F5B8A}.Debug|Any CPU.Build.0 = Debug|Any CPU
		{296D83E7-AC0C-4ABE-B4B3-7EF41F2F5B8A}.Release|Any CPU.ActiveCfg = Release|Any CPU
		{296D83E7-AC0C-4ABE-B4B3-7EF41F2F5B8A}.Release|Any CPU.Build.0 = Release|Any CPU
		{3E06AC0A-3DDC-4279-9113-09EA0671DADA}.Debug|Any CPU.ActiveCfg = Debug|Any CPU
		{3E06AC0A-3DDC-4279-9113-09EA0671DADA}.Debug|Any CPU.Build.0 = Debug|Any CPU
		{3E06AC0A-3DDC-4279-9113-09EA0671DADA}.Release|Any CPU.ActiveCfg = Release|Any CPU
		{3E06AC0A-3DDC-4279-9113-09EA0671DADA}.Release|Any CPU.Build.0 = Release|Any CPU
	EndGlobalSection
	GlobalSection(SolutionProperties) = preSolution
		HideSolutionNode = FALSE
	EndGlobalSection
	GlobalSection(NestedProjects) = preSolution
		{29ED47EE-A6BE-4F7F-B794-5C5F487A0578} = {2E3B74BF-5189-4558-9FFD-42F36D224D64}
		{D7A690B5-10B1-456D-9D81-746CB9C00A0D} = {2E3B74BF-5189-4558-9FFD-42F36D224D64}
		{6FA5A5FD-A5CF-4FE2-95BB-DA3C90BD7DB4} = {2E3B74BF-5189-4558-9FFD-42F36D224D64}
		{645155C3-67C3-4F4D-A0A0-8FEEF2D7BB15} = {2E3B74BF-5189-4558-9FFD-42F36D224D64}
		{772CB0AA-4329-4999-8C16-7EE745E09C6C} = {2E3B74BF-5189-4558-9FFD-42F36D224D64}
		{525E499F-9187-4EA7-B96B-BC243A7AB7D5} = {2E3B74BF-5189-4558-9FFD-42F36D224D64}
		{296D83E7-AC0C-4ABE-B4B3-7EF41F2F5B8A} = {F676AFB2-E726-4A76-B8AF-73BF5C441C3F}
		{3E06AC0A-3DDC-4279-9113-09EA0671DADA} = {F676AFB2-E726-4A76-B8AF-73BF5C441C3F}
	EndGlobalSection
	GlobalSection(ExtensibilityGlobals) = postSolution
		SolutionGuid = {F469E191-E923-4DF7-A800-22B3C6ED2405}
	EndGlobalSection
EndGlobal
